// !$*UTF8*$!
{
	archiveVersion = 1;
	classes = {
	};
	objectVersion = 77;
	objects = {

/* Begin PBXContainerItemProxy section */
		31D0BB642E09A80100F15A89 /* PBXContainerItemProxy */ = {
			isa = PBXContainerItemProxy;
			containerPortal = 31D0BB4E2E09A7FD00F15A89 /* Project object */;
			proxyType = 1;
			remoteGlobalIDString = 31D0BB552E09A7FD00F15A89;
			remoteInfo = "github-actions-examples";
		};
		31D0BB6E2E09A80100F15A89 /* PBXContainerItemProxy */ = {
			isa = PBXContainerItemProxy;
			containerPortal = 31D0BB4E2E09A7FD00F15A89 /* Project object */;
			proxyType = 1;
			remoteGlobalIDString = 31D0BB552E09A7FD00F15A89;
			remoteInfo = "github-actions-examples";
		};
/* End PBXContainerItemProxy section */

/* Begin PBXFileReference section */
		31D0BB562E09A7FD00F15A89 /* github-actions-examples.app */ = {isa = PBXFileReference; explicitFileType = wrapper.application; includeInIndex = 0; path = "github-actions-examples.app"; sourceTree = BUILT_PRODUCTS_DIR; };
		31D0BB632E09A80100F15A89 /* github-actions-examplesTests.xctest */ = {isa = PBXFileReference; explicitFileType = wrapper.cfbundle; includeInIndex = 0; path = "github-actions-examplesTests.xctest"; sourceTree = BUILT_PRODUCTS_DIR; };
		31D0BB6D2E09A80100F15A89 /* github-actions-examplesUITests.xctest */ = {isa = PBXFileReference; explicitFileType = wrapper.cfbundle; includeInIndex = 0; path = "github-actions-examplesUITests.xctest"; sourceTree = BUILT_PRODUCTS_DIR; };
/* End PBXFileReference section */

/* Begin PBXFileSystemSynchronizedRootGroup section */
		31D0BB582E09A7FD00F15A89 /* github-actions-examples */ = {
			isa = PBXFileSystemSynchronizedRootGroup;
			path = "github-actions-examples";
			sourceTree = "<group>";
		};
		31D0BB662E09A80100F15A89 /* github-actions-examplesTests */ = {
			isa = PBXFileSystemSynchronizedRootGroup;
			path = "github-actions-examplesTests";
			sourceTree = "<group>";
		};
		31D0BB702E09A80100F15A89 /* github-actions-examplesUITests */ = {
			isa = PBXFileSystemSynchronizedRootGroup;
			path = "github-actions-examplesUITests";
			sourceTree = "<group>";
		};
/* End PBXFileSystemSynchronizedRootGroup section */

/* Begin PBXFrameworksBuildPhase section */
		31D0BB532E09A7FD00F15A89 /* Frameworks */ = {
			isa = PBXFrameworksBuildPhase;
			buildActionMask = 2147483647;
			files = (
			);
			runOnlyForDeploymentPostprocessing = 0;
		};
		31D0BB602E09A80100F15A89 /* Frameworks */ = {
			isa = PBXFrameworksBuildPhase;
			buildActionMask = 2147483647;
			files = (
			);
			runOnlyForDeploymentPostprocessing = 0;
		};
		31D0BB6A2E09A80100F15A89 /* Frameworks */ = {
			isa = PBXFrameworksBuildPhase;
			buildActionMask = 2147483647;
			files = (
			);
			runOnlyForDeploymentPostprocessing = 0;
		};
/* End PBXFrameworksBuildPhase section */

/* Begin PBXGroup section */
		31D0BB4D2E09A7FD00F15A89 = {
			isa = PBXGroup;
			children = (
				31D0BB582E09A7FD00F15A89 /* github-actions-examples */,
				31D0BB662E09A80100F15A89 /* github-actions-examplesTests */,
				31D0BB702E09A80100F15A89 /* github-actions-examplesUITests */,
				31D0BB572E09A7FD00F15A89 /* Products */,
			);
			sourceTree = "<group>";
		};
		31D0BB572E09A7FD00F15A89 /* Products */ = {
			isa = PBXGroup;
			children = (
				31D0BB562E09A7FD00F15A89 /* github-actions-examples.app */,
				31D0BB632E09A80100F15A89 /* github-actions-examplesTests.xctest */,
				31D0BB6D2E09A80100F15A89 /* github-actions-examplesUITests.xctest */,
			);
			name = Products;
			sourceTree = "<group>";
		};
/* End PBXGroup section */

/* Begin PBXNativeTarget section */
		31D0BB552E09A7FD00F15A89 /* github-actions-examples */ = {
			isa = PBXNativeTarget;
			buildConfigurationList = 31D0BB772E09A80100F15A89 /* Build configuration list for PBXNativeTarget "github-actions-examples" */;
			buildPhases = (
				31D0BB522E09A7FD00F15A89 /* Sources */,
				31D0BB532E09A7FD00F15A89 /* Frameworks */,
				31D0BB542E09A7FD00F15A89 /* Resources */,
			);
			buildRules = (
			);
			dependencies = (
			);
			fileSystemSynchronizedGroups = (
				31D0BB582E09A7FD00F15A89 /* github-actions-examples */,
			);
			name = "github-actions-examples";
			packageProductDependencies = (
			);
			productName = "github-actions-examples";
			productReference = 31D0BB562E09A7FD00F15A89 /* github-actions-examples.app */;
			productType = "com.apple.product-type.application";
		};
		31D0BB622E09A80100F15A89 /* github-actions-examplesTests */ = {
			isa = PBXNativeTarget;
			buildConfigurationList = 31D0BB7A2E09A80100F15A89 /* Build configuration list for PBXNativeTarget "github-actions-examplesTests" */;
			buildPhases = (
				31D0BB5F2E09A80100F15A89 /* Sources */,
				31D0BB602E09A80100F15A89 /* Frameworks */,
				31D0BB612E09A80100F15A89 /* Resources */,
			);
			buildRules = (
			);
			dependencies = (
				31D0BB652E09A80100F15A89 /* PBXTargetDependency */,
			);
			fileSystemSynchronizedGroups = (
				31D0BB662E09A80100F15A89 /* github-actions-examplesTests */,
			);
			name = "github-actions-examplesTests";
			packageProductDependencies = (
			);
			productName = "github-actions-examplesTests";
			productReference = 31D0BB632E09A80100F15A89 /* github-actions-examplesTests.xctest */;
			productType = "com.apple.product-type.bundle.unit-test";
		};
		31D0BB6C2E09A80100F15A89 /* github-actions-examplesUITests */ = {
			isa = PBXNativeTarget;
			buildConfigurationList = 31D0BB7D2E09A80100F15A89 /* Build configuration list for PBXNativeTarget "github-actions-examplesUITests" */;
			buildPhases = (
				31D0BB692E09A80100F15A89 /* Sources */,
				31D0BB6A2E09A80100F15A89 /* Frameworks */,
				31D0BB6B2E09A80100F15A89 /* Resources */,
			);
			buildRules = (
			);
			dependencies = (
				31D0BB6F2E09A80100F15A89 /* PBXTargetDependency */,
			);
			fileSystemSynchronizedGroups = (
				31D0BB702E09A80100F15A89 /* github-actions-examplesUITests */,
			);
			name = "github-actions-examplesUITests";
			packageProductDependencies = (
			);
			productName = "github-actions-examplesUITests";
			productReference = 31D0BB6D2E09A80100F15A89 /* github-actions-examplesUITests.xctest */;
			productType = "com.apple.product-type.bundle.ui-testing";
		};
/* End PBXNativeTarget section */

/* Begin PBXProject section */
		31D0BB4E2E09A7FD00F15A89 /* Project object */ = {
			isa = PBXProject;
			attributes = {
				BuildIndependentTargetsInParallel = 1;
				LastSwiftUpdateCheck = 1630;
				LastUpgradeCheck = 1630;
				TargetAttributes = {
					31D0BB552E09A7FD00F15A89 = {
						CreatedOnToolsVersion = 16.3;
					};
					31D0BB622E09A80100F15A89 = {
						CreatedOnToolsVersion = 16.3;
						TestTargetID = 31D0BB552E09A7FD00F15A89;
					};
					31D0BB6C2E09A80100F15A89 = {
						CreatedOnToolsVersion = 16.3;
						TestTargetID = 31D0BB552E09A7FD00F15A89;
					};
				};
			};
			buildConfigurationList = 31D0BB512E09A7FD00F15A89 /* Build configuration list for PBXProject "github-actions-examples" */;
			developmentRegion = en;
			hasScannedForEncodings = 0;
			knownRegions = (
				en,
				Base,
			);
			mainGroup = 31D0BB4D2E09A7FD00F15A89;
			minimizedProjectReferenceProxies = 1;
			preferredProjectObjectVersion = 77;
			productRefGroup = 31D0BB572E09A7FD00F15A89 /* Products */;
			projectDirPath = "";
			projectRoot = "";
			targets = (
				31D0BB552E09A7FD00F15A89 /* github-actions-examples */,
				31D0BB622E09A80100F15A89 /* github-actions-examplesTests */,
				31D0BB6C2E09A80100F15A89 /* github-actions-examplesUITests */,
			);
		};
/* End PBXProject section */

/* Begin PBXResourcesBuildPhase section */
		31D0BB542E09A7FD00F15A89 /* Resources */ = {
			isa = PBXResourcesBuildPhase;
			buildActionMask = 2147483647;
			files = (
			);
			runOnlyForDeploymentPostprocessing = 0;
		};
		31D0BB612E09A80100F15A89 /* Resources */ = {
			isa = PBXResourcesBuildPhase;
			buildActionMask = 2147483647;
			files = (
			);
			runOnlyForDeploymentPostprocessing = 0;
		};
		31D0BB6B2E09A80100F15A89 /* Resources */ = {
			isa = PBXResourcesBuildPhase;
			buildActionMask = 2147483647;
			files = (
			);
			runOnlyForDeploymentPostprocessing = 0;
		};
/* End PBXResourcesBuildPhase section */

/* Begin PBXSourcesBuildPhase section */
		31D0BB522E09A7FD00F15A89 /* Sources */ = {
			isa = PBXSourcesBuildPhase;
			buildActionMask = 2147483647;
			files = (
			);
			runOnlyForDeploymentPostprocessing = 0;
		};
		31D0BB5F2E09A80100F15A89 /* Sources */ = {
			isa = PBXSourcesBuildPhase;
			buildActionMask = 2147483647;
			files = (
			);
			runOnlyForDeploymentPostprocessing = 0;
		};
		31D0BB692E09A80100F15A89 /* Sources */ = {
			isa = PBXSourcesBuildPhase;
			buildActionMask = 2147483647;
			files = (
			);
			runOnlyForDeploymentPostprocessing = 0;
		};
/* End PBXSourcesBuildPhase section */

/* Begin PBXTargetDependency section */
		31D0BB652E09A80100F15A89 /* PBXTargetDependency */ = {
			isa = PBXTargetDependency;
			target = 31D0BB552E09A7FD00F15A89 /* github-actions-examples */;
			targetProxy = 31D0BB642E09A80100F15A89 /* PBXContainerItemProxy */;
		};
		31D0BB6F2E09A80100F15A89 /* PBXTargetDependency */ = {
			isa = PBXTargetDependency;
			target = 31D0BB552E09A7FD00F15A89 /* github-actions-examples */;
			targetProxy = 31D0BB6E2E09A80100F15A89 /* PBXContainerItemProxy */;
		};
/* End PBXTargetDependency section */

/* Begin XCBuildConfiguration section */
		31D0BB752E09A80100F15A89 /* Debug */ = {
			isa = XCBuildConfiguration;
			buildSettings = {
				ALWAYS_SEARCH_USER_PATHS = NO;
				ASSETCATALOG_COMPILER_GENERATE_SWIFT_ASSET_SYMBOL_EXTENSIONS = YES;
				CLANG_ANALYZER_NONNULL = YES;
				CLANG_ANALYZER_NUMBER_OBJECT_CONVERSION = YES_AGGRESSIVE;
				CLANG_CXX_LANGUAGE_STANDARD = "gnu++20";
				CLANG_ENABLE_MODULES = YES;
				CLANG_ENABLE_OBJC_ARC = YES;
				CLANG_ENABLE_OBJC_WEAK = YES;
				CLANG_WARN_BLOCK_CAPTURE_AUTORELEASING = YES;
				CLANG_WARN_BOOL_CONVERSION = YES;
				CLANG_WARN_COMMA = YES;
				CLANG_WARN_CONSTANT_CONVERSION = YES;
				CLANG_WARN_DEPRECATED_OBJC_IMPLEMENTATIONS = YES;
				CLANG_WARN_DIRECT_OBJC_ISA_USAGE = YES_ERROR;
				CLANG_WARN_DOCUMENTATION_COMMENTS = YES;
				CLANG_WARN_EMPTY_BODY = YES;
				CLANG_WARN_ENUM_CONVERSION = YES;
				CLANG_WARN_INFINITE_RECURSION = YES;
				CLANG_WARN_INT_CONVERSION = YES;
				CLANG_WARN_NON_LITERAL_NULL_CONVERSION = YES;
				CLANG_WARN_OBJC_IMPLICIT_RETAIN_SELF = YES;
				CLANG_WARN_OBJC_LITERAL_CONVERSION = YES;
				CLANG_WARN_OBJC_ROOT_CLASS = YES_ERROR;
				CLANG_WARN_QUOTED_INCLUDE_IN_FRAMEWORK_HEADER = YES;
				CLANG_WARN_RANGE_LOOP_ANALYSIS = YES;
				CLANG_WARN_STRICT_PROTOTYPES = YES;
				CLANG_WARN_SUSPICIOUS_MOVE = YES;
				CLANG_WARN_UNGUARDED_AVAILABILITY = YES_AGGRESSIVE;
				CLANG_WARN_UNREACHABLE_CODE = YES;
				CLANG_WARN__DUPLICATE_METHOD_MATCH = YES;
				COPY_PHASE_STRIP = NO;
				DEBUG_INFORMATION_FORMAT = dwarf;
				DEVELOPMENT_TEAM = 4Z392XB7Y7;
				ENABLE_STRICT_OBJC_MSGSEND = YES;
				ENABLE_TESTABILITY = YES;
				ENABLE_USER_SCRIPT_SANDBOXING = YES;
				GCC_C_LANGUAGE_STANDARD = gnu17;
				GCC_DYNAMIC_NO_PIC = NO;
				GCC_NO_COMMON_BLOCKS = YES;
				GCC_OPTIMIZATION_LEVEL = 0;
				GCC_PREPROCESSOR_DEFINITIONS = (
					"DEBUG=1",
					"$(inherited)",
				);
				GCC_WARN_64_TO_32_BIT_CONVERSION = YES;
				GCC_WARN_ABOUT_RETURN_TYPE = YES_ERROR;
				GCC_WARN_UNDECLARED_SELECTOR = YES;
				GCC_WARN_UNINITIALIZED_AUTOS = YES_AGGRESSIVE;
				GCC_WARN_UNUSED_FUNCTION = YES;
				GCC_WARN_UNUSED_VARIABLE = YES;
				IPHONEOS_DEPLOYMENT_TARGET = 18.4;
				LOCALIZATION_PREFERS_STRING_CATALOGS = YES;
				MTL_ENABLE_DEBUG_INFO = INCLUDE_SOURCE;
				MTL_FAST_MATH = YES;
				ONLY_ACTIVE_ARCH = YES;
				SDKROOT = iphoneos;
				SWIFT_ACTIVE_COMPILATION_CONDITIONS = "DEBUG $(inherited)";
				SWIFT_OPTIMIZATION_LEVEL = "-Onone";
			};
			name = Debug;
		};
		31D0BB762E09A80100F15A89 /* Release */ = {
			isa = XCBuildConfiguration;
			buildSettings = {
				ALWAYS_SEARCH_USER_PATHS = NO;
				ASSETCATALOG_COMPILER_GENERATE_SWIFT_ASSET_SYMBOL_EXTENSIONS = YES;
				CLANG_ANALYZER_NONNULL = YES;
				CLANG_ANALYZER_NUMBER_OBJECT_CONVERSION = YES_AGGRESSIVE;
				CLANG_CXX_LANGUAGE_STANDARD = "gnu++20";
				CLANG_ENABLE_MODULES = YES;
				CLANG_ENABLE_OBJC_ARC = YES;
				CLANG_ENABLE_OBJC_WEAK = YES;
				CLANG_WARN_BLOCK_CAPTURE_AUTORELEASING = YES;
				CLANG_WARN_BOOL_CONVERSION = YES;
				CLANG_WARN_COMMA = YES;
				CLANG_WARN_CONSTANT_CONVERSION = YES;
				CLANG_WARN_DEPRECATED_OBJC_IMPLEMENTATIONS = YES;
				CLANG_WARN_DIRECT_OBJC_ISA_USAGE = YES_ERROR;
				CLANG_WARN_DOCUMENTATION_COMMENTS = YES;
				CLANG_WARN_EMPTY_BODY = YES;
				CLANG_WARN_ENUM_CONVERSION = YES;
				CLANG_WARN_INFINITE_RECURSION = YES;
				CLANG_WARN_INT_CONVERSION = YES;
				CLANG_WARN_NON_LITERAL_NULL_CONVERSION = YES;
				CLANG_WARN_OBJC_IMPLICIT_RETAIN_SELF = YES;
				CLANG_WARN_OBJC_LITERAL_CONVERSION = YES;
				CLANG_WARN_OBJC_ROOT_CLASS = YES_ERROR;
				CLANG_WARN_QUOTED_INCLUDE_IN_FRAMEWORK_HEADER = YES;
				CLANG_WARN_RANGE_LOOP_ANALYSIS = YES;
				CLANG_WARN_STRICT_PROTOTYPES = YES;
				CLANG_WARN_SUSPICIOUS_MOVE = YES;
				CLANG_WARN_UNGUARDED_AVAILABILITY = YES_AGGRESSIVE;
				CLANG_WARN_UNREACHABLE_CODE = YES;
				CLANG_WARN__DUPLICATE_METHOD_MATCH = YES;
				COPY_PHASE_STRIP = NO;
				DEBUG_INFORMATION_FORMAT = "dwarf-with-dsym";
				DEVELOPMENT_TEAM = 4Z392XB7Y7;
				ENABLE_NS_ASSERTIONS = NO;
				ENABLE_STRICT_OBJC_MSGSEND = YES;
				ENABLE_USER_SCRIPT_SANDBOXING = YES;
				GCC_C_LANGUAGE_STANDARD = gnu17;
				GCC_NO_COMMON_BLOCKS = YES;
				GCC_WARN_64_TO_32_BIT_CONVERSION = YES;
				GCC_WARN_ABOUT_RETURN_TYPE = YES_ERROR;
				GCC_WARN_UNDECLARED_SELECTOR = YES;
				GCC_WARN_UNINITIALIZED_AUTOS = YES_AGGRESSIVE;
				GCC_WARN_UNUSED_FUNCTION = YES;
				GCC_WARN_UNUSED_VARIABLE = YES;
				IPHONEOS_DEPLOYMENT_TARGET = 18.4;
				LOCALIZATION_PREFERS_STRING_CATALOGS = YES;
				MTL_ENABLE_DEBUG_INFO = NO;
				MTL_FAST_MATH = YES;
				SDKROOT = iphoneos;
				SWIFT_COMPILATION_MODE = wholemodule;
				VALIDATE_PRODUCT = YES;
			};
			name = Release;
		};
		31D0BB782E09A80100F15A89 /* Debug */ = {
			isa = XCBuildConfiguration;
			buildSettings = {
				ASSETCATALOG_COMPILER_APPICON_NAME = AppIcon;
				ASSETCATALOG_COMPILER_GLOBAL_ACCENT_COLOR_NAME = AccentColor;
				CODE_SIGN_STYLE = Automatic;
				CURRENT_PROJECT_VERSION = 1;
				DEVELOPMENT_TEAM = 4Z392XB7Y7;
				ENABLE_PREVIEWS = YES;
				GENERATE_INFOPLIST_FILE = YES;
				INFOPLIST_KEY_UIApplicationSceneManifest_Generation = YES;
				INFOPLIST_KEY_UIApplicationSupportsIndirectInputEvents = YES;
				INFOPLIST_KEY_UILaunchScreen_Generation = YES;
				INFOPLIST_KEY_UISupportedInterfaceOrientations_iPad = "UIInterfaceOrientationPortrait UIInterfaceOrientationPortraitUpsideDown UIInterfaceOrientationLandscapeLeft UIInterfaceOrientationLandscapeRight";
				INFOPLIST_KEY_UISupportedInterfaceOrientations_iPhone = "UIInterfaceOrientationPortrait UIInterfaceOrientationLandscapeLeft UIInterfaceOrientationLandscapeRight";
				LD_RUNPATH_SEARCH_PATHS = (
					"$(inherited)",
					"@executable_path/Frameworks",
				);
				MARKETING_VERSION = 1.0;
				PRODUCT_BUNDLE_IDENTIFIER = "net.taptappun.taku.kobayashi.github-actions-examples";
				PRODUCT_NAME = "$(TARGET_NAME)";
				SWIFT_EMIT_LOC_STRINGS = YES;
				SWIFT_VERSION = 5.0;
				TARGETED_DEVICE_FAMILY = "1,2";
			};
			name = Debug;
		};
		31D0BB792E09A80100F15A89 /* Release */ = {
			isa = XCBuildConfiguration;
			buildSettings = {
				ASSETCATALOG_COMPILER_APPICON_NAME = AppIcon;
				ASSETCATALOG_COMPILER_GLOBAL_ACCENT_COLOR_NAME = AccentColor;
				CODE_SIGN_STYLE = Automatic;
				CURRENT_PROJECT_VERSION = 1;
				DEVELOPMENT_TEAM = 4Z392XB7Y7;
				ENABLE_PREVIEWS = YES;
				GENERATE_INFOPLIST_FILE = YES;
				INFOPLIST_KEY_UIApplicationSceneManifest_Generation = YES;
				INFOPLIST_KEY_UIApplicationSupportsIndirectInputEvents = YES;
				INFOPLIST_KEY_UILaunchScreen_Generation = YES;
				INFOPLIST_KEY_UISupportedInterfaceOrientations_iPad = "UIInterfaceOrientationPortrait UIInterfaceOrientationPortraitUpsideDown UIInterfaceOrientationLandscapeLeft UIInterfaceOrientationLandscapeRight";
				INFOPLIST_KEY_UISupportedInterfaceOrientations_iPhone = "UIInterfaceOrientationPortrait UIInterfaceOrientationLandscapeLeft UIInterfaceOrientationLandscapeRight";
				LD_RUNPATH_SEARCH_PATHS = (
					"$(inherited)",
					"@executable_path/Frameworks",
				);
				MARKETING_VERSION = 1.0;
				PRODUCT_BUNDLE_IDENTIFIER = "net.taptappun.taku.kobayashi.github-actions-examples";
				PRODUCT_NAME = "$(TARGET_NAME)";
				SWIFT_EMIT_LOC_STRINGS = YES;
				SWIFT_VERSION = 5.0;
				TARGETED_DEVICE_FAMILY = "1,2";
			};
			name = Release;
		};
		31D0BB7B2E09A80100F15A89 /* Debug */ = {
			isa = XCBuildConfiguration;
			buildSettings = {
				BUNDLE_LOADER = "$(TEST_HOST)";
				CODE_SIGN_STYLE = Automatic;
				CURRENT_PROJECT_VERSION = 1;
				DEVELOPMENT_TEAM = 4Z392XB7Y7;
				GENERATE_INFOPLIST_FILE = YES;
				IPHONEOS_DEPLOYMENT_TARGET = 18.4;
				MARKETING_VERSION = 1.0;
				PRODUCT_BUNDLE_IDENTIFIER = "net.taptappun.taku.kobayashi.github-actions-examplesTests";
				PRODUCT_NAME = "$(TARGET_NAME)";
				SWIFT_EMIT_LOC_STRINGS = NO;
				SWIFT_VERSION = 5.0;
				TARGETED_DEVICE_FAMILY = "1,2";
				TEST_HOST = "$(BUILT_PRODUCTS_DIR)/github-actions-examples.app/$(BUNDLE_EXECUTABLE_FOLDER_PATH)/github-actions-examples";
			};
			name = Debug;
		};
		31D0BB7C2E09A80100F15A89 /* Release */ = {
			isa = XCBuildConfiguration;
			buildSettings = {
				BUNDLE_LOADER = "$(TEST_HOST)";
				CODE_SIGN_STYLE = Automatic;
				CURRENT_PROJECT_VERSION = 1;
				DEVELOPMENT_TEAM = 4Z392XB7Y7;
				GENERATE_INFOPLIST_FILE = YES;
				IPHONEOS_DEPLOYMENT_TARGET = 18.4;
				MARKETING_VERSION = 1.0;
				PRODUCT_BUNDLE_IDENTIFIER = "net.taptappun.taku.kobayashi.github-actions-examplesTests";
				PRODUCT_NAME = "$(TARGET_NAME)";
				SWIFT_EMIT_LOC_STRINGS = NO;
				SWIFT_VERSION = 5.0;
				TARGETED_DEVICE_FAMILY = "1,2";
				TEST_HOST = "$(BUILT_PRODUCTS_DIR)/github-actions-examples.app/$(BUNDLE_EXECUTABLE_FOLDER_PATH)/github-actions-examples";
			};
			name = Release;
		};
		31D0BB7E2E09A80100F15A89 /* Debug */ = {
			isa = XCBuildConfiguration;
			buildSettings = {
				CODE_SIGN_STYLE = Automatic;
				CURRENT_PROJECT_VERSION = 1;
				DEVELOPMENT_TEAM = 4Z392XB7Y7;
				GENERATE_INFOPLIST_FILE = YES;
				MARKETING_VERSION = 1.0;
				PRODUCT_BUNDLE_IDENTIFIER = "net.taptappun.taku.kobayashi.github-actions-examplesUITests";
				PRODUCT_NAME = "$(TARGET_NAME)";
				SWIFT_EMIT_LOC_STRINGS = NO;
				SWIFT_VERSION = 5.0;
				TARGETED_DEVICE_FAMILY = "1,2";
				TEST_TARGET_NAME = "github-actions-examples";
			};
			name = Debug;
		};
		31D0BB7F2E09A80100F15A89 /* Release */ = {
			isa = XCBuildConfiguration;
			buildSettings = {
				CODE_SIGN_STYLE = Automatic;
				CURRENT_PROJECT_VERSION = 1;
				DEVELOPMENT_TEAM = 4Z392XB7Y7;
				GENERATE_INFOPLIST_FILE = YES;
				MARKETING_VERSION = 1.0;
				PRODUCT_BUNDLE_IDENTIFIER = "net.taptappun.taku.kobayashi.github-actions-examplesUITests";
				PRODUCT_NAME = "$(TARGET_NAME)";
				SWIFT_EMIT_LOC_STRINGS = NO;
				SWIFT_VERSION = 5.0;
				TARGETED_DEVICE_FAMILY = "1,2";
				TEST_TARGET_NAME = "github-actions-examples";
			};
			name = Release;
		};
/* End XCBuildConfiguration section */

/* Begin XCConfigurationList section */
		31D0BB512E09A7FD00F15A89 /* Build configuration list for PBXProject "github-actions-examples" */ = {
			isa = XCConfigurationList;
			buildConfigurations = (
				31D0BB752E09A80100F15A89 /* Debug */,
				31D0BB762E09A80100F15A89 /* Release */,
			);
			defaultConfigurationIsVisible = 0;
			defaultConfigurationName = Release;
		};
		31D0BB772E09A80100F15A89 /* Build configuration list for PBXNativeTarget "github-actions-examples" */ = {
			isa = XCConfigurationList;
			buildConfigurations = (
				31D0BB782E09A80100F15A89 /* Debug */,
				31D0BB792E09A80100F15A89 /* Release */,
			);
			defaultConfigurationIsVisible = 0;
			defaultConfigurationName = Release;
		};
		31D0BB7A2E09A80100F15A89 /* Build configuration list for PBXNativeTarget "github-actions-examplesTests" */ = {
			isa = XCConfigurationList;
			buildConfigurations = (
				31D0BB7B2E09A80100F15A89 /* Debug */,
				31D0BB7C2E09A80100F15A89 /* Release */,
			);
			defaultConfigurationIsVisible = 0;
			defaultConfigurationName = Release;
		};
		31D0BB7D2E09A80100F15A89 /* Build configuration list for PBXNativeTarget "github-actions-examplesUITests" */ = {
			isa = XCConfigurationList;
			buildConfigurations = (
				31D0BB7E2E09A80100F15A89 /* Debug */,
				31D0BB7F2E09A80100F15A89 /* Release */,
			);
			defaultConfigurationIsVisible = 0;
			defaultConfigurationName = Release;
		};
/* End XCConfigurationList section */
	};
	rootObject = 31D0BB4E2E09A7FD00F15A89 /* Project object */;
}
